
Microsoft Visual Studio Solution File, Format Version 12.00
# Visual Studio Version 17
VisualStudioVersion = 17.0.31903.59
MinimumVisualStudioVersion = 10.0.40219.1
Project("{2150E333-8FDC-42A3-9474-1A3956D46DE8}") = "src", "src", "{DCE58787-B30E-4D4D-96CF-FFA6AF177E1B}"
EndProject
Project("{FAE04EC0-301F-11D3-BF4B-00C04F79EFBC}") = "GetTenant", "src\GetTenant\GetTenant.csproj", "{C16CDB39-F9D8-46ED-8903-37E72C176754}"
EndProject
Project("{FAE04EC0-301F-11D3-BF4B-00C04F79EFBC}") = "Tenants.Abstractions", "src\Abstractions\Tenants.Abstractions.csproj", "{0509244C-2A56-4826-A73F-4EC963D092FE}"
EndProject
Project("{FAE04EC0-301F-11D3-BF4B-00C04F79EFBC}") = "Tenants.Data.DynamoDb", "src\Data.DynamoDb\Tenants.Data.DynamoDb.csproj", "{93F181FC-D886-484C-A3B2-39891D244301}"
EndProject
Project("{2150E333-8FDC-42A3-9474-1A3956D46DE8}") = "test", "test", "{096A02F0-EC09-4BF4-8ECE-22A5D6A7B84B}"
EndProject
Project("{FAE04EC0-301F-11D3-BF4B-00C04F79EFBC}") = "GetTenant.Tests", "test\GetTenant.Tests\GetTenant.Tests.csproj", "{5D353061-C49F-455C-8EF5-ABAA6E569FFE}"
EndProject
Global
	GlobalSection(SolutionConfigurationPlatforms) = preSolution
		Debug|Any CPU = Debug|Any CPU
		Release|Any CPU = Release|Any CPU
	EndGlobalSection
	GlobalSection(SolutionProperties) = preSolution
		HideSolutionNode = FALSE
	EndGlobalSection
	GlobalSection(ProjectConfigurationPlatforms) = postSolution
		{C16CDB39-F9D8-46ED-8903-37E72C176754}.Debug|Any CPU.ActiveCfg = Debug|Any CPU
		{C16CDB39-F9D8-46ED-8903-37E72C176754}.Debug|Any CPU.Build.0 = Debug|Any CPU
		{C16CDB39-F9D8-46ED-8903-37E72C176754}.Release|Any CPU.ActiveCfg = Release|Any CPU
		{C16CDB39-F9D8-46ED-8903-37E72C176754}.Release|Any CPU.Build.0 = Release|Any CPU
		{0509244C-2A56-4826-A73F-4EC963D092FE}.Debug|Any CPU.ActiveCfg = Debug|Any CPU
		{0509244C-2A56-4826-A73F-4EC963D092FE}.Debug|Any CPU.Build.0 = Debug|Any CPU
		{0509244C-2A56-4826-A73F-4EC963D092FE}.Release|Any CPU.ActiveCfg = Release|Any CPU
		{0509244C-2A56-4826-A73F-4EC963D092FE}.Release|Any CPU.Build.0 = Release|Any CPU
		{93F181FC-D886-484C-A3B2-39891D244301}.Debug|Any CPU.ActiveCfg = Debug|Any CPU
		{93F181FC-D886-484C-A3B2-39891D244301}.Debug|Any CPU.Build.0 = Debug|Any CPU
		{93F181FC-D886-484C-A3B2-39891D244301}.Release|Any CPU.ActiveCfg = Release|Any CPU
		{93F181FC-D886-484C-A3B2-39891D244301}.Release|Any CPU.Build.0 = Release|Any CPU
		{5D353061-C49F-455C-8EF5-ABAA6E569FFE}.Debug|Any CPU.ActiveCfg = Debug|Any CPU
		{5D353061-C49F-455C-8EF5-ABAA6E569FFE}.Debug|Any CPU.Build.0 = Debug|Any CPU
		{5D353061-C49F-455C-8EF5-ABAA6E569FFE}.Release|Any CPU.ActiveCfg = Release|Any CPU
		{5D353061-C49F-455C-8EF5-ABAA6E569FFE}.Release|Any CPU.Build.0 = Release|Any CPU
	EndGlobalSection
	GlobalSection(NestedProjects) = preSolution
		{C16CDB39-F9D8-46ED-8903-37E72C176754} = {DCE58787-B30E-4D4D-96CF-FFA6AF177E1B}
		{0509244C-2A56-4826-A73F-4EC963D092FE} = {DCE58787-B30E-4D4D-96CF-FFA6AF177E1B}
		{93F181FC-D886-484C-A3B2-39891D244301} = {DCE58787-B30E-4D4D-96CF-FFA6AF177E1B}
		{5D353061-C49F-455C-8EF5-ABAA6E569FFE} = {096A02F0-EC09-4BF4-8ECE-22A5D6A7B84B}
	EndGlobalSection
EndGlobal
